<?xml version="1.0" encoding="utf-8"?>
<Project ToolsVersion="4.0" xmlns="http://schemas.microsoft.com/developer/msbuild/2003">
  <ItemGroup>
    <Filter Include="Source Files">
      <UniqueIdentifier>{4FC737F1-C7A5-4376-A066-2A32D752A2FF}</UniqueIdentifier>
      <Extensions>cpp;c;cc;cxx;def;odl;idl;hpj;bat;asm;asmx</Extensions>
    </Filter>
    <Filter Include="Header Files">
      <UniqueIdentifier>{93995380-89BD-4b04-88EB-625FBE52EBFB}</UniqueIdentifier>
      <Extensions>h;hh;hpp;hxx;hm;inl;inc;xsd</Extensions>
    </Filter>
    <Filter Include="Resource Files">
      <UniqueIdentifier>{67DA6AB6-F800-4c08-8B7A-83BB121AAD01}</UniqueIdentifier>
      <Extensions>rc;ico;cur;bmp;dlg;rc2;rct;bin;rgs;gif;jpg;jpeg;jpe;resx;tiff;tif;png;wav;mfcribbon-ms</Extensions>
    </Filter>
    <Filter Include="Resource Files\Shaders">
      <UniqueIdentifier>{1543e883-62ab-43c5-956d-7630f18e7015}</UniqueIdentifier>
    </Filter>
    <Filter Include="Resource Files\Shaders\PostProcessing">
      <UniqueIdentifier>{5b083e70-f0c7-4103-a0d0-a923a24682a3}</UniqueIdentifier>
    </Filter>
    <Filter Include="Resource Files\Shaders\Drawing">
      <UniqueIdentifier>{7af05d55-3c01-4618-bf40-7f3c91134840}</UniqueIdentifier>
    </Filter>
  </ItemGroup>
  <ItemGroup>
    <ClCompile Include="source\Camera.cpp">
      <Filter>Source Files</Filter>
    </ClCompile>
    <ClCompile Include="source\Component.cpp">
      <Filter>Source Files</Filter>
    </ClCompile>
    <ClCompile Include="source\FBXLoader.cpp">
      <Filter>Source Files</Filter>
    </ClCompile>
    <ClCompile Include="source\GameObject.cpp">
      <Filter>Source Files</Filter>
    </ClCompile>
    <ClCompile Include="source\Light.cpp">
      <Filter>Source Files</Filter>
    </ClCompile>
    <ClCompile Include="source\main.cpp">
      <Filter>Source Files</Filter>
    </ClCompile>
    <ClCompile Include="source\Material.cpp">
      <Filter>Source Files</Filter>
    </ClCompile>
    <ClCompile Include="source\Mesh.cpp">
      <Filter>Source Files</Filter>
    </ClCompile>
    <ClCompile Include="source\Shader.cpp">
      <Filter>Source Files</Filter>
    </ClCompile>
    <ClCompile Include="source\Texture.cpp">
      <Filter>Source Files</Filter>
    </ClCompile>
    <ClCompile Include="source\Transform.cpp">
      <Filter>Source Files</Filter>
    </ClCompile>
    <ClCompile Include="source\PostProcessing.cpp">
      <Filter>Source Files</Filter>
    </ClCompile>
  </ItemGroup>
  <ItemGroup>
    <ClInclude Include="headers\Camera.h">
      <Filter>Header Files</Filter>
    </ClInclude>
    <ClInclude Include="headers\Component.h">
      <Filter>Header Files</Filter>
    </ClInclude>
    <ClInclude Include="headers\FBXLoader.h">
      <Filter>Header Files</Filter>
    </ClInclude>
    <ClInclude Include="headers\GameObject.h">
      <Filter>Header Files</Filter>
    </ClInclude>
    <ClInclude Include="headers\Light.h">
      <Filter>Header Files</Filter>
    </ClInclude>
    <ClInclude Include="headers\Material.h">
      <Filter>Header Files</Filter>
    </ClInclude>
    <ClInclude Include="headers\Mesh.h">
      <Filter>Header Files</Filter>
    </ClInclude>
    <ClInclude Include="headers\Shader.h">
      <Filter>Header Files</Filter>
    </ClInclude>
    <ClInclude Include="headers\Texture.h">
      <Filter>Header Files</Filter>
    </ClInclude>
    <ClInclude Include="headers\Transform.h">
      <Filter>Header Files</Filter>
    </ClInclude>
    <ClInclude Include="headers\Vertex.h">
      <Filter>Header Files</Filter>
    </ClInclude>
    <ClInclude Include="headers\PostProcessing.h">
      <Filter>Header Files</Filter>
    </ClInclude>
  </ItemGroup>
  <ItemGroup>
    <None Include="assets\shaders\PostProcessing\BlurFilterPPFS.glsl">
      <Filter>Resource Files\Shaders\PostProcessing</Filter>
    </None>
    <None Include="assets\shaders\PostProcessing\BWPPFS.glsl">
      <Filter>Resource Files\Shaders\PostProcessing</Filter>
    </None>
    <None Include="assets\shaders\PostProcessing\MidnightPPFS.glsl">
      <Filter>Resource Files\Shaders\PostProcessing</Filter>
    </None>
    <None Include="assets\shaders\PostProcessing\passThroughVS.glsl">
      <Filter>Resource Files\Shaders\PostProcessing</Filter>
    </None>
    <None Include="assets\shaders\PostProcessing\SepiaPPFS.glsl">
      <Filter>Resource Files\Shaders\PostProcessing</Filter>
    </None>
    <None Include="assets\shaders\Drawing\BumpmappingFS.glsl">
      <Filter>Resource Files\Shaders\Drawing</Filter>
    </None>
    <None Include="assets\shaders\Drawing\BumpmappingVS.glsl">
      <Filter>Resource Files\Shaders\Drawing</Filter>
    </None>
    <None Include="assets\shaders\Drawing\ParallaxMappingFS.glsl">
      <Filter>Resource Files\Shaders\Drawing</Filter>
    </None>
    <None Include="assets\shaders\Drawing\ParallaxMappingVS.glsl">
      <Filter>Resource Files\Shaders\Drawing</Filter>
    </None>
    <None Include="assets\shaders\PostProcessing\InvertedPPFS.glsl">
      <Filter>Resource Files\Shaders\PostProcessing</Filter>
    </None>
    <None Include="assets\shaders\PostProcessing\PolaroidPPFS.glsl">
      <Filter>Resource Files\Shaders\PostProcessing</Filter>
    </None>
    <None Include="assets\shaders\PostProcessing\NonePPFS.glsl">
      <Filter>Resource Files\Shaders\PostProcessing</Filter>
    </None>
  </ItemGroup>
</Project>